// !$*UTF8*$!
{
	archiveVersion = 1;
	classes = {
	};
	objectVersion = 51;
	objects = {

/* Begin PBXBuildFile section */
		0374B8D2C407F45354228AF0 /* Pods_ModelApiTable.framework in Frameworks */ = {isa = PBXBuildFile; fileRef = 0C10543391C051C6AC11B286 /* Pods_ModelApiTable.framework */; };
		227C952125E64A4E0036E2DB /* AppDelegate.swift in Sources */ = {isa = PBXBuildFile; fileRef = 227C952025E64A4E0036E2DB /* AppDelegate.swift */; };
		227C952325E64A4E0036E2DB /* SceneDelegate.swift in Sources */ = {isa = PBXBuildFile; fileRef = 227C952225E64A4E0036E2DB /* SceneDelegate.swift */; };
		227C952525E64A4E0036E2DB /* ContentView.swift in Sources */ = {isa = PBXBuildFile; fileRef = 227C952425E64A4E0036E2DB /* ContentView.swift */; };
		227C952725E64A510036E2DB /* Assets.xcassets in Resources */ = {isa = PBXBuildFile; fileRef = 227C952625E64A510036E2DB /* Assets.xcassets */; };
		227C952A25E64A510036E2DB /* Preview Assets.xcassets in Resources */ = {isa = PBXBuildFile; fileRef = 227C952925E64A510036E2DB /* Preview Assets.xcassets */; };
		227C952D25E64A510036E2DB /* LaunchScreen.storyboard in Resources */ = {isa = PBXBuildFile; fileRef = 227C952B25E64A510036E2DB /* LaunchScreen.storyboard */; };
		227C953825E64A510036E2DB /* ModelApiTableTests.swift in Sources */ = {isa = PBXBuildFile; fileRef = 227C953725E64A510036E2DB /* ModelApiTableTests.swift */; };
		227C954325E64A510036E2DB /* ModelApiTableUITests.swift in Sources */ = {isa = PBXBuildFile; fileRef = 227C954225E64A510036E2DB /* ModelApiTableUITests.swift */; };
		227C955425E64A860036E2DB /* PlaceData.swift in Sources */ = {isa = PBXBuildFile; fileRef = 227C955325E64A860036E2DB /* PlaceData.swift */; };
		227C955925E64BE30036E2DB /* GetDataModel.swift in Sources */ = {isa = PBXBuildFile; fileRef = 227C955825E64BE30036E2DB /* GetDataModel.swift */; };
		22AA299925F4A60A00E7C54A /* LocationViewModel.swift in Sources */ = {isa = PBXBuildFile; fileRef = 22AA299825F4A60A00E7C54A /* LocationViewModel.swift */; };
		22BD5A0E25F6653600406471 /* MapDetail.swift in Sources */ = {isa = PBXBuildFile; fileRef = 22BD5A0D25F6653600406471 /* MapDetail.swift */; };
		22CA534F25EB68E60054C162 /* DetailView.swift in Sources */ = {isa = PBXBuildFile; fileRef = 22CA534E25EB68E60054C162 /* DetailView.swift */; };
		3B517DA735C13B5870124DFA /* Pods_ModelApiTableTests.framework in Frameworks */ = {isa = PBXBuildFile; fileRef = 3705C38C0510F9A90B8DAFB4 /* Pods_ModelApiTableTests.framework */; };
		3F689EDEEA4CDE892291416D /* Pods_ModelApiTable_ModelApiTableUITests.framework in Frameworks */ = {isa = PBXBuildFile; fileRef = 9BC947E1447FD79632A806A3 /* Pods_ModelApiTable_ModelApiTableUITests.framework */; };
/* End PBXBuildFile section */

/* Begin PBXContainerItemProxy section */
		227C953425E64A510036E2DB /* PBXContainerItemProxy */ = {
			isa = PBXContainerItemProxy;
			containerPortal = 227C951525E64A4E0036E2DB /* Project object */;
			proxyType = 1;
			remoteGlobalIDString = 227C951C25E64A4E0036E2DB;
			remoteInfo = ModelApiTable;
		};
		227C953F25E64A510036E2DB /* PBXContainerItemProxy */ = {
			isa = PBXContainerItemProxy;
			containerPortal = 227C951525E64A4E0036E2DB /* Project object */;
			proxyType = 1;
			remoteGlobalIDString = 227C951C25E64A4E0036E2DB;
			remoteInfo = ModelApiTable;
		};
/* End PBXContainerItemProxy section */

/* Begin PBXFileReference section */
		0C10543391C051C6AC11B286 /* Pods_ModelApiTable.framework */ = {isa = PBXFileReference; explicitFileType = wrapper.framework; includeInIndex = 0; path = Pods_ModelApiTable.framework; sourceTree = BUILT_PRODUCTS_DIR; };
		227C951D25E64A4E0036E2DB /* ModelApiTable.app */ = {isa = PBXFileReference; explicitFileType = wrapper.application; includeInIndex = 0; path = ModelApiTable.app; sourceTree = BUILT_PRODUCTS_DIR; };
		227C952025E64A4E0036E2DB /* AppDelegate.swift */ = {isa = PBXFileReference; lastKnownFileType = sourcecode.swift; path = AppDelegate.swift; sourceTree = "<group>"; };
		227C952225E64A4E0036E2DB /* SceneDelegate.swift */ = {isa = PBXFileReference; lastKnownFileType = sourcecode.swift; path = SceneDelegate.swift; sourceTree = "<group>"; };
		227C952425E64A4E0036E2DB /* ContentView.swift */ = {isa = PBXFileReference; lastKnownFileType = sourcecode.swift; path = ContentView.swift; sourceTree = "<group>"; };
		227C952625E64A510036E2DB /* Assets.xcassets */ = {isa = PBXFileReference; lastKnownFileType = folder.assetcatalog; path = Assets.xcassets; sourceTree = "<group>"; };
		227C952925E64A510036E2DB /* Preview Assets.xcassets */ = {isa = PBXFileReference; lastKnownFileType = folder.assetcatalog; path = "Preview Assets.xcassets"; sourceTree = "<group>"; };
		227C952C25E64A510036E2DB /* Base */ = {isa = PBXFileReference; lastKnownFileType = file.storyboard; name = Base; path = Base.lproj/LaunchScreen.storyboard; sourceTree = "<group>"; };
		227C952E25E64A510036E2DB /* Info.plist */ = {isa = PBXFileReference; lastKnownFileType = text.plist.xml; path = Info.plist; sourceTree = "<group>"; };
		227C953325E64A510036E2DB /* ModelApiTableTests.xctest */ = {isa = PBXFileReference; explicitFileType = wrapper.cfbundle; includeInIndex = 0; path = ModelApiTableTests.xctest; sourceTree = BUILT_PRODUCTS_DIR; };
		227C953725E64A510036E2DB /* ModelApiTableTests.swift */ = {isa = PBXFileReference; lastKnownFileType = sourcecode.swift; path = ModelApiTableTests.swift; sourceTree = "<group>"; };
		227C953925E64A510036E2DB /* Info.plist */ = {isa = PBXFileReference; lastKnownFileType = text.plist.xml; path = Info.plist; sourceTree = "<group>"; };
		227C953E25E64A510036E2DB /* ModelApiTableUITests.xctest */ = {isa = PBXFileReference; explicitFileType = wrapper.cfbundle; includeInIndex = 0; path = ModelApiTableUITests.xctest; sourceTree = BUILT_PRODUCTS_DIR; };
		227C954225E64A510036E2DB /* ModelApiTableUITests.swift */ = {isa = PBXFileReference; lastKnownFileType = sourcecode.swift; path = ModelApiTableUITests.swift; sourceTree = "<group>"; };
		227C954425E64A510036E2DB /* Info.plist */ = {isa = PBXFileReference; lastKnownFileType = text.plist.xml; path = Info.plist; sourceTree = "<group>"; };
		227C955325E64A860036E2DB /* PlaceData.swift */ = {isa = PBXFileReference; lastKnownFileType = sourcecode.swift; path = PlaceData.swift; sourceTree = "<group>"; };
		227C955825E64BE30036E2DB /* GetDataModel.swift */ = {isa = PBXFileReference; lastKnownFileType = sourcecode.swift; path = GetDataModel.swift; sourceTree = "<group>"; };
		22AA299825F4A60A00E7C54A /* LocationViewModel.swift */ = {isa = PBXFileReference; lastKnownFileType = sourcecode.swift; path = LocationViewModel.swift; sourceTree = "<group>"; };
		22BD5A0D25F6653600406471 /* MapDetail.swift */ = {isa = PBXFileReference; lastKnownFileType = sourcecode.swift; path = MapDetail.swift; sourceTree = "<group>"; };
		22CA534E25EB68E60054C162 /* DetailView.swift */ = {isa = PBXFileReference; lastKnownFileType = sourcecode.swift; path = DetailView.swift; sourceTree = "<group>"; };
		3705C38C0510F9A90B8DAFB4 /* Pods_ModelApiTableTests.framework */ = {isa = PBXFileReference; explicitFileType = wrapper.framework; includeInIndex = 0; path = Pods_ModelApiTableTests.framework; sourceTree = BUILT_PRODUCTS_DIR; };
		3DE337B452336BFFE2BA16CA /* Pods-ModelApiTableTests.release.xcconfig */ = {isa = PBXFileReference; includeInIndex = 1; lastKnownFileType = text.xcconfig; name = "Pods-ModelApiTableTests.release.xcconfig"; path = "Target Support Files/Pods-ModelApiTableTests/Pods-ModelApiTableTests.release.xcconfig"; sourceTree = "<group>"; };
		43A4D734D48C7A678951B2DF /* Pods-ModelApiTable-ModelApiTableUITests.release.xcconfig */ = {isa = PBXFileReference; includeInIndex = 1; lastKnownFileType = text.xcconfig; name = "Pods-ModelApiTable-ModelApiTableUITests.release.xcconfig"; path = "Target Support Files/Pods-ModelApiTable-ModelApiTableUITests/Pods-ModelApiTable-ModelApiTableUITests.release.xcconfig"; sourceTree = "<group>"; };
		48E7F29506CD96CF722F8BD3 /* Pods-ModelApiTableTests.debug.xcconfig */ = {isa = PBXFileReference; includeInIndex = 1; lastKnownFileType = text.xcconfig; name = "Pods-ModelApiTableTests.debug.xcconfig"; path = "Target Support Files/Pods-ModelApiTableTests/Pods-ModelApiTableTests.debug.xcconfig"; sourceTree = "<group>"; };
		5C8323996A1383E16E26CEDC /* Pods-ModelApiTable-ModelApiTableUITests.debug.xcconfig */ = {isa = PBXFileReference; includeInIndex = 1; lastKnownFileType = text.xcconfig; name = "Pods-ModelApiTable-ModelApiTableUITests.debug.xcconfig"; path = "Target Support Files/Pods-ModelApiTable-ModelApiTableUITests/Pods-ModelApiTable-ModelApiTableUITests.debug.xcconfig"; sourceTree = "<group>"; };
		83295F05A437B28EFF57F0B4 /* Pods-ModelApiTable.release.xcconfig */ = {isa = PBXFileReference; includeInIndex = 1; lastKnownFileType = text.xcconfig; name = "Pods-ModelApiTable.release.xcconfig"; path = "Target Support Files/Pods-ModelApiTable/Pods-ModelApiTable.release.xcconfig"; sourceTree = "<group>"; };
		9BC947E1447FD79632A806A3 /* Pods_ModelApiTable_ModelApiTableUITests.framework */ = {isa = PBXFileReference; explicitFileType = wrapper.framework; includeInIndex = 0; path = Pods_ModelApiTable_ModelApiTableUITests.framework; sourceTree = BUILT_PRODUCTS_DIR; };
		F141A89C8005CEE4F2DFA132 /* Pods-ModelApiTable.debug.xcconfig */ = {isa = PBXFileReference; includeInIndex = 1; lastKnownFileType = text.xcconfig; name = "Pods-ModelApiTable.debug.xcconfig"; path = "Target Support Files/Pods-ModelApiTable/Pods-ModelApiTable.debug.xcconfig"; sourceTree = "<group>"; };
/* End PBXFileReference section */

/* Begin PBXFrameworksBuildPhase section */
		227C951A25E64A4E0036E2DB /* Frameworks */ = {
			isa = PBXFrameworksBuildPhase;
			buildActionMask = 2147483647;
			files = (
				0374B8D2C407F45354228AF0 /* Pods_ModelApiTable.framework in Frameworks */,
			);
			runOnlyForDeploymentPostprocessing = 0;
		};
		227C953025E64A510036E2DB /* Frameworks */ = {
			isa = PBXFrameworksBuildPhase;
			buildActionMask = 2147483647;
			files = (
				3B517DA735C13B5870124DFA /* Pods_ModelApiTableTests.framework in Frameworks */,
			);
			runOnlyForDeploymentPostprocessing = 0;
		};
		227C953B25E64A510036E2DB /* Frameworks */ = {
			isa = PBXFrameworksBuildPhase;
			buildActionMask = 2147483647;
			files = (
				3F689EDEEA4CDE892291416D /* Pods_ModelApiTable_ModelApiTableUITests.framework in Frameworks */,
			);
			runOnlyForDeploymentPostprocessing = 0;
		};
/* End PBXFrameworksBuildPhase section */

/* Begin PBXGroup section */
		227C951425E64A4E0036E2DB = {
			isa = PBXGroup;
			children = (
				227C951F25E64A4E0036E2DB /* ModelApiTable */,
				227C953625E64A510036E2DB /* ModelApiTableTests */,
				227C954125E64A510036E2DB /* ModelApiTableUITests */,
				227C951E25E64A4E0036E2DB /* Products */,
				C8179D81F320F088D56C0B1C /* Pods */,
				9E60AA7236FA7A65B1F1395C /* Frameworks */,
			);
			sourceTree = "<group>";
		};
		227C951E25E64A4E0036E2DB /* Products */ = {
			isa = PBXGroup;
			children = (
				227C951D25E64A4E0036E2DB /* ModelApiTable.app */,
				227C953325E64A510036E2DB /* ModelApiTableTests.xctest */,
				227C953E25E64A510036E2DB /* ModelApiTableUITests.xctest */,
			);
			name = Products;
			sourceTree = "<group>";
		};
		227C951F25E64A4E0036E2DB /* ModelApiTable */ = {
			isa = PBXGroup;
			children = (
				227C952025E64A4E0036E2DB /* AppDelegate.swift */,
				227C952225E64A4E0036E2DB /* SceneDelegate.swift */,
				22CC76D625FF2FAC009CFA6C /* Model */,
				22CC76D525FF2F91009CFA6C /* View */,
				22CC76D725FF2FD5009CFA6C /* ViewModel */,
				227C952625E64A510036E2DB /* Assets.xcassets */,
				227C952B25E64A510036E2DB /* LaunchScreen.storyboard */,
				227C952E25E64A510036E2DB /* Info.plist */,
				227C952825E64A510036E2DB /* Preview Content */,
			);
			path = ModelApiTable;
			sourceTree = "<group>";
		};
		227C952825E64A510036E2DB /* Preview Content */ = {
			isa = PBXGroup;
			children = (
				227C952925E64A510036E2DB /* Preview Assets.xcassets */,
			);
			path = "Preview Content";
			sourceTree = "<group>";
		};
		227C953625E64A510036E2DB /* ModelApiTableTests */ = {
			isa = PBXGroup;
			children = (
				227C953725E64A510036E2DB /* ModelApiTableTests.swift */,
				227C953925E64A510036E2DB /* Info.plist */,
			);
			path = ModelApiTableTests;
			sourceTree = "<group>";
		};
		227C954125E64A510036E2DB /* ModelApiTableUITests */ = {
			isa = PBXGroup;
			children = (
				227C954225E64A510036E2DB /* ModelApiTableUITests.swift */,
				227C954425E64A510036E2DB /* Info.plist */,
			);
			path = ModelApiTableUITests;
			sourceTree = "<group>";
		};
		22CC76D525FF2F91009CFA6C /* View */ = {
			isa = PBXGroup;
			children = (
				227C952425E64A4E0036E2DB /* ContentView.swift */,
				22CA534E25EB68E60054C162 /* DetailView.swift */,
				22BD5A0D25F6653600406471 /* MapDetail.swift */,
			);
			path = View;
			sourceTree = "<group>";
		};
		22CC76D625FF2FAC009CFA6C /* Model */ = {
			isa = PBXGroup;
			children = (
				227C955325E64A860036E2DB /* PlaceData.swift */,
			);
			path = Model;
			sourceTree = "<group>";
		};
		22CC76D725FF2FD5009CFA6C /* ViewModel */ = {
			isa = PBXGroup;
			children = (
				227C955825E64BE30036E2DB /* GetDataModel.swift */,
				22AA299825F4A60A00E7C54A /* LocationViewModel.swift */,
			);
			path = ViewModel;
			sourceTree = "<group>";
		};
		9E60AA7236FA7A65B1F1395C /* Frameworks */ = {
			isa = PBXGroup;
			children = (
				0C10543391C051C6AC11B286 /* Pods_ModelApiTable.framework */,
				9BC947E1447FD79632A806A3 /* Pods_ModelApiTable_ModelApiTableUITests.framework */,
				3705C38C0510F9A90B8DAFB4 /* Pods_ModelApiTableTests.framework */,
			);
			name = Frameworks;
			sourceTree = "<group>";
		};
		C8179D81F320F088D56C0B1C /* Pods */ = {
			isa = PBXGroup;
			children = (
				F141A89C8005CEE4F2DFA132 /* Pods-ModelApiTable.debug.xcconfig */,
				83295F05A437B28EFF57F0B4 /* Pods-ModelApiTable.release.xcconfig */,
				5C8323996A1383E16E26CEDC /* Pods-ModelApiTable-ModelApiTableUITests.debug.xcconfig */,
				43A4D734D48C7A678951B2DF /* Pods-ModelApiTable-ModelApiTableUITests.release.xcconfig */,
				48E7F29506CD96CF722F8BD3 /* Pods-ModelApiTableTests.debug.xcconfig */,
				3DE337B452336BFFE2BA16CA /* Pods-ModelApiTableTests.release.xcconfig */,
			);
			path = Pods;
			sourceTree = "<group>";
		};
/* End PBXGroup section */

/* Begin PBXNativeTarget section */
		227C951C25E64A4E0036E2DB /* ModelApiTable */ = {
			isa = PBXNativeTarget;
			buildConfigurationList = 227C954725E64A510036E2DB /* Build configuration list for PBXNativeTarget "ModelApiTable" */;
			buildPhases = (
				D756B0A569B488061A5EF142 /* [CP] Check Pods Manifest.lock */,
				227C951925E64A4E0036E2DB /* Sources */,
				227C951A25E64A4E0036E2DB /* Frameworks */,
				227C951B25E64A4E0036E2DB /* Resources */,
				2B14F106CC7A9F535D4135C1 /* [CP] Embed Pods Frameworks */,
			);
			buildRules = (
			);
			dependencies = (
			);
			name = ModelApiTable;
			packageProductDependencies = (
			);
			productName = ModelApiTable;
			productReference = 227C951D25E64A4E0036E2DB /* ModelApiTable.app */;
			productType = "com.apple.product-type.application";
		};
		227C953225E64A510036E2DB /* ModelApiTableTests */ = {
			isa = PBXNativeTarget;
			buildConfigurationList = 227C954A25E64A510036E2DB /* Build configuration list for PBXNativeTarget "ModelApiTableTests" */;
			buildPhases = (
				FD5E437EB12B48B930D036C5 /* [CP] Check Pods Manifest.lock */,
				227C952F25E64A510036E2DB /* Sources */,
				227C953025E64A510036E2DB /* Frameworks */,
				227C953125E64A510036E2DB /* Resources */,
			);
			buildRules = (
			);
			dependencies = (
				227C953525E64A510036E2DB /* PBXTargetDependency */,
			);
			name = ModelApiTableTests;
			productName = ModelApiTableTests;
			productReference = 227C953325E64A510036E2DB /* ModelApiTableTests.xctest */;
			productType = "com.apple.product-type.bundle.unit-test";
		};
		227C953D25E64A510036E2DB /* ModelApiTableUITests */ = {
			isa = PBXNativeTarget;
			buildConfigurationList = 227C954D25E64A510036E2DB /* Build configuration list for PBXNativeTarget "ModelApiTableUITests" */;
			buildPhases = (
				04E10DA763F33C67B59C8D18 /* [CP] Check Pods Manifest.lock */,
				227C953A25E64A510036E2DB /* Sources */,
				227C953B25E64A510036E2DB /* Frameworks */,
				227C953C25E64A510036E2DB /* Resources */,
				4ECC19E5F6866E292F1CF29C /* [CP] Embed Pods Frameworks */,
			);
			buildRules = (
			);
			dependencies = (
				227C954025E64A510036E2DB /* PBXTargetDependency */,
			);
			name = ModelApiTableUITests;
			productName = ModelApiTableUITests;
			productReference = 227C953E25E64A510036E2DB /* ModelApiTableUITests.xctest */;
			productType = "com.apple.product-type.bundle.ui-testing";
		};
/* End PBXNativeTarget section */

/* Begin PBXProject section */
		227C951525E64A4E0036E2DB /* Project object */ = {
			isa = PBXProject;
			attributes = {
				LastSwiftUpdateCheck = 1200;
				LastUpgradeCheck = 1200;
				TargetAttributes = {
					227C951C25E64A4E0036E2DB = {
						CreatedOnToolsVersion = 12.0.1;
					};
					227C953225E64A510036E2DB = {
						CreatedOnToolsVersion = 12.0.1;
						TestTargetID = 227C951C25E64A4E0036E2DB;
					};
					227C953D25E64A510036E2DB = {
						CreatedOnToolsVersion = 12.0.1;
						TestTargetID = 227C951C25E64A4E0036E2DB;
					};
				};
			};
			buildConfigurationList = 227C951825E64A4E0036E2DB /* Build configuration list for PBXProject "ModelApiTable" */;
			compatibilityVersion = "Xcode 9.3";
			developmentRegion = en;
			hasScannedForEncodings = 0;
			knownRegions = (
				en,
				Base,
			);
			mainGroup = 227C951425E64A4E0036E2DB;
			packageReferences = (
			);
			productRefGroup = 227C951E25E64A4E0036E2DB /* Products */;
			projectDirPath = "";
			projectRoot = "";
			targets = (
				227C951C25E64A4E0036E2DB /* ModelApiTable */,
				227C953225E64A510036E2DB /* ModelApiTableTests */,
				227C953D25E64A510036E2DB /* ModelApiTableUITests */,
			);
		};
/* End PBXProject section */

/* Begin PBXResourcesBuildPhase section */
		227C951B25E64A4E0036E2DB /* Resources */ = {
			isa = PBXResourcesBuildPhase;
			buildActionMask = 2147483647;
			files = (
				227C952D25E64A510036E2DB /* LaunchScreen.storyboard in Resources */,
				227C952A25E64A510036E2DB /* Preview Assets.xcassets in Resources */,
				227C952725E64A510036E2DB /* Assets.xcassets in Resources */,
			);
			runOnlyForDeploymentPostprocessing = 0;
		};
		227C953125E64A510036E2DB /* Resources */ = {
			isa = PBXResourcesBuildPhase;
			buildActionMask = 2147483647;
			files = (
			);
			runOnlyForDeploymentPostprocessing = 0;
		};
		227C953C25E64A510036E2DB /* Resources */ = {
			isa = PBXResourcesBuildPhase;
			buildActionMask = 2147483647;
			files = (
			);
			runOnlyForDeploymentPostprocessing = 0;
		};
/* End PBXResourcesBuildPhase section */

/* Begin PBXShellScriptBuildPhase section */
		04E10DA763F33C67B59C8D18 /* [CP] Check Pods Manifest.lock */ = {
			isa = PBXShellScriptBuildPhase;
			buildActionMask = 2147483647;
			files = (
			);
			inputFileListPaths = (
			);
			inputPaths = (
				"${PODS_PODFILE_DIR_PATH}/Podfile.lock",
				"${PODS_ROOT}/Manifest.lock",
			);
			name = "[CP] Check Pods Manifest.lock";
			outputFileListPaths = (
			);
			outputPaths = (
				"$(DERIVED_FILE_DIR)/Pods-ModelApiTable-ModelApiTableUITests-checkManifestLockResult.txt",
			);
			runOnlyForDeploymentPostprocessing = 0;
			shellPath = /bin/sh;
			shellScript = "diff \"${PODS_PODFILE_DIR_PATH}/Podfile.lock\" \"${PODS_ROOT}/Manifest.lock\" > /dev/null\nif [ $? != 0 ] ; then\n    # print error to STDERR\n    echo \"error: The sandbox is not in sync with the Podfile.lock. Run 'pod install' or update your CocoaPods installation.\" >&2\n    exit 1\nfi\n# This output is used by Xcode 'outputs' to avoid re-running this script phase.\necho \"SUCCESS\" > \"${SCRIPT_OUTPUT_FILE_0}\"\n";
			showEnvVarsInLog = 0;
		};
		2B14F106CC7A9F535D4135C1 /* [CP] Embed Pods Frameworks */ = {
			isa = PBXShellScriptBuildPhase;
			buildActionMask = 2147483647;
			files = (
			);
			inputFileListPaths = (
				"${PODS_ROOT}/Target Support Files/Pods-ModelApiTable/Pods-ModelApiTable-frameworks-${CONFIGURATION}-input-files.xcfilelist",
			);
			name = "[CP] Embed Pods Frameworks";
			outputFileListPaths = (
				"${PODS_ROOT}/Target Support Files/Pods-ModelApiTable/Pods-ModelApiTable-frameworks-${CONFIGURATION}-output-files.xcfilelist",
			);
			runOnlyForDeploymentPostprocessing = 0;
			shellPath = /bin/sh;
			shellScript = "\"${PODS_ROOT}/Target Support Files/Pods-ModelApiTable/Pods-ModelApiTable-frameworks.sh\"\n";
			showEnvVarsInLog = 0;
		};
		4ECC19E5F6866E292F1CF29C /* [CP] Embed Pods Frameworks */ = {
			isa = PBXShellScriptBuildPhase;
			buildActionMask = 2147483647;
			files = (
			);
			inputFileListPaths = (
				"${PODS_ROOT}/Target Support Files/Pods-ModelApiTable-ModelApiTableUITests/Pods-ModelApiTable-ModelApiTableUITests-frameworks-${CONFIGURATION}-input-files.xcfilelist",
			);
			name = "[CP] Embed Pods Frameworks";
			outputFileListPaths = (
				"${PODS_ROOT}/Target Support Files/Pods-ModelApiTable-ModelApiTableUITests/Pods-ModelApiTable-ModelApiTableUITests-frameworks-${CONFIGURATION}-output-files.xcfilelist",
			);
			runOnlyForDeploymentPostprocessing = 0;
			shellPath = /bin/sh;
			shellScript = "\"${PODS_ROOT}/Target Support Files/Pods-ModelApiTable-ModelApiTableUITests/Pods-ModelApiTable-ModelApiTableUITests-frameworks.sh\"\n";
			showEnvVarsInLog = 0;
		};
		D756B0A569B488061A5EF142 /* [CP] Check Pods Manifest.lock */ = {
			isa = PBXShellScriptBuildPhase;
			buildActionMask = 2147483647;
			files = (
			);
			inputFileListPaths = (
			);
			inputPaths = (
				"${PODS_PODFILE_DIR_PATH}/Podfile.lock",
				"${PODS_ROOT}/Manifest.lock",
			);
			name = "[CP] Check Pods Manifest.lock";
			outputFileListPaths = (
			);
			outputPaths = (
				"$(DERIVED_FILE_DIR)/Pods-ModelApiTable-checkManifestLockResult.txt",
			);
			runOnlyForDeploymentPostprocessing = 0;
			shellPath = /bin/sh;
			shellScript = "diff \"${PODS_PODFILE_DIR_PATH}/Podfile.lock\" \"${PODS_ROOT}/Manifest.lock\" > /dev/null\nif [ $? != 0 ] ; then\n    # print error to STDERR\n    echo \"error: The sandbox is not in sync with the Podfile.lock. Run 'pod install' or update your CocoaPods installation.\" >&2\n    exit 1\nfi\n# This output is used by Xcode 'outputs' to avoid re-running this script phase.\necho \"SUCCESS\" > \"${SCRIPT_OUTPUT_FILE_0}\"\n";
			showEnvVarsInLog = 0;
		};
		FD5E437EB12B48B930D036C5 /* [CP] Check Pods Manifest.lock */ = {
			isa = PBXShellScriptBuildPhase;
			buildActionMask = 2147483647;
			files = (
			);
			inputFileListPaths = (
			);
			inputPaths = (
				"${PODS_PODFILE_DIR_PATH}/Podfile.lock",
				"${PODS_ROOT}/Manifest.lock",
			);
			name = "[CP] Check Pods Manifest.lock";
			outputFileListPaths = (
			);
			outputPaths = (
				"$(DERIVED_FILE_DIR)/Pods-ModelApiTableTests-checkManifestLockResult.txt",
			);
			runOnlyForDeploymentPostprocessing = 0;
			shellPath = /bin/sh;
			shellScript = "diff \"${PODS_PODFILE_DIR_PATH}/Podfile.lock\" \"${PODS_ROOT}/Manifest.lock\" > /dev/null\nif [ $? != 0 ] ; then\n    # print error to STDERR\n    echo \"error: The sandbox is not in sync with the Podfile.lock. Run 'pod install' or update your CocoaPods installation.\" >&2\n    exit 1\nfi\n# This output is used by Xcode 'outputs' to avoid re-running this script phase.\necho \"SUCCESS\" > \"${SCRIPT_OUTPUT_FILE_0}\"\n";
			showEnvVarsInLog = 0;
		};
/* End PBXShellScriptBuildPhase section */

/* Begin PBXSourcesBuildPhase section */
		227C951925E64A4E0036E2DB /* Sources */ = {
			isa = PBXSourcesBuildPhase;
			buildActionMask = 2147483647;
			files = (
				227C955425E64A860036E2DB /* PlaceData.swift in Sources */,
				227C952125E64A4E0036E2DB /* AppDelegate.swift in Sources */,
				227C952325E64A4E0036E2DB /* SceneDelegate.swift in Sources */,
				22CA534F25EB68E60054C162 /* DetailView.swift in Sources */,
				22BD5A0E25F6653600406471 /* MapDetail.swift in Sources */,
				227C955925E64BE30036E2DB /* GetDataModel.swift in Sources */,
				227C952525E64A4E0036E2DB /* ContentView.swift in Sources */,
				22AA299925F4A60A00E7C54A /* LocationViewModel.swift in Sources */,
			);
			runOnlyForDeploymentPostprocessing = 0;
		};
		227C952F25E64A510036E2DB /* Sources */ = {
			isa = PBXSourcesBuildPhase;
			buildActionMask = 2147483647;
			files = (
				227C953825E64A510036E2DB /* ModelApiTableTests.swift in Sources */,
			);
			runOnlyForDeploymentPostprocessing = 0;
		};
		227C953A25E64A510036E2DB /* Sources */ = {
			isa = PBXSourcesBuildPhase;
			buildActionMask = 2147483647;
			files = (
				227C954325E64A510036E2DB /* ModelApiTableUITests.swift in Sources */,
			);
			runOnlyForDeploymentPostprocessing = 0;
		};
/* End PBXSourcesBuildPhase section */

/* Begin PBXTargetDependency section */
		227C953525E64A510036E2DB /* PBXTargetDependency */ = {
			isa = PBXTargetDependency;
			target = 227C951C25E64A4E0036E2DB /* ModelApiTable */;
			targetProxy = 227C953425E64A510036E2DB /* PBXContainerItemProxy */;
		};
		227C954025E64A510036E2DB /* PBXTargetDependency */ = {
			isa = PBXTargetDependency;
			target = 227C951C25E64A4E0036E2DB /* ModelApiTable */;
			targetProxy = 227C953F25E64A510036E2DB /* PBXContainerItemProxy */;
		};
/* End PBXTargetDependency section */

/* Begin PBXVariantGroup section */
		227C952B25E64A510036E2DB /* LaunchScreen.storyboard */ = {
			isa = PBXVariantGroup;
			children = (
				227C952C25E64A510036E2DB /* Base */,
			);
			name = LaunchScreen.storyboard;
			sourceTree = "<group>";
		};
/* End PBXVariantGroup section */

/* Begin XCBuildConfiguration section */
		227C954525E64A510036E2DB /* Debug */ = {
			isa = XCBuildConfiguration;
			buildSettings = {
				ALWAYS_SEARCH_USER_PATHS = NO;
				CLANG_ANALYZER_NONNULL = YES;
				CLANG_ANALYZER_NUMBER_OBJECT_CONVERSION = YES_AGGRESSIVE;
				CLANG_CXX_LANGUAGE_STANDARD = "gnu++14";
				CLANG_CXX_LIBRARY = "libc++";
				CLANG_ENABLE_MODULES = YES;
				CLANG_ENABLE_OBJC_ARC = YES;
				CLANG_ENABLE_OBJC_WEAK = YES;
				CLANG_WARN_BLOCK_CAPTURE_AUTORELEASING = YES;
				CLANG_WARN_BOOL_CONVERSION = YES;
				CLANG_WARN_COMMA = YES;
				CLANG_WARN_CONSTANT_CONVERSION = YES;
				CLANG_WARN_DEPRECATED_OBJC_IMPLEMENTATIONS = YES;
				CLANG_WARN_DIRECT_OBJC_ISA_USAGE = YES_ERROR;
				CLANG_WARN_DOCUMENTATION_COMMENTS = YES;
				CLANG_WARN_EMPTY_BODY = YES;
				CLANG_WARN_ENUM_CONVERSION = YES;
				CLANG_WARN_INFINITE_RECURSION = YES;
				CLANG_WARN_INT_CONVERSION = YES;
				CLANG_WARN_NON_LITERAL_NULL_CONVERSION = YES;
				CLANG_WARN_OBJC_IMPLICIT_RETAIN_SELF = YES;
				CLANG_WARN_OBJC_LITERAL_CONVERSION = YES;
				CLANG_WARN_OBJC_ROOT_CLASS = YES_ERROR;
				CLANG_WARN_QUOTED_INCLUDE_IN_FRAMEWORK_HEADER = YES;
				CLANG_WARN_RANGE_LOOP_ANALYSIS = YES;
				CLANG_WARN_STRICT_PROTOTYPES = YES;
				CLANG_WARN_SUSPICIOUS_MOVE = YES;
				CLANG_WARN_UNGUARDED_AVAILABILITY = YES_AGGRESSIVE;
				CLANG_WARN_UNREACHABLE_CODE = YES;
				CLANG_WARN__DUPLICATE_METHOD_MATCH = YES;
				COPY_PHASE_STRIP = NO;
				DEBUG_INFORMATION_FORMAT = dwarf;
				ENABLE_STRICT_OBJC_MSGSEND = YES;
				ENABLE_TESTABILITY = YES;
				GCC_C_LANGUAGE_STANDARD = gnu11;
				GCC_DYNAMIC_NO_PIC = NO;
				GCC_NO_COMMON_BLOCKS = YES;
				GCC_OPTIMIZATION_LEVEL = 0;
				GCC_PREPROCESSOR_DEFINITIONS = (
					"DEBUG=1",
					"$(inherited)",
				);
				GCC_WARN_64_TO_32_BIT_CONVERSION = YES;
				GCC_WARN_ABOUT_RETURN_TYPE = YES_ERROR;
				GCC_WARN_UNDECLARED_SELECTOR = YES;
				GCC_WARN_UNINITIALIZED_AUTOS = YES_AGGRESSIVE;
				GCC_WARN_UNUSED_FUNCTION = YES;
				GCC_WARN_UNUSED_VARIABLE = YES;
				IPHONEOS_DEPLOYMENT_TARGET = 14.0;
				MTL_ENABLE_DEBUG_INFO = INCLUDE_SOURCE;
				MTL_FAST_MATH = YES;
				ONLY_ACTIVE_ARCH = YES;
				SDKROOT = iphoneos;
				SWIFT_ACTIVE_COMPILATION_CONDITIONS = DEBUG;
				SWIFT_OPTIMIZATION_LEVEL = "-Onone";
			};
			name = Debug;
		};
		227C954625E64A510036E2DB /* Release */ = {
			isa = XCBuildConfiguration;
			buildSettings = {
				ALWAYS_SEARCH_USER_PATHS = NO;
				CLANG_ANALYZER_NONNULL = YES;
				CLANG_ANALYZER_NUMBER_OBJECT_CONVERSION = YES_AGGRESSIVE;
				CLANG_CXX_LANGUAGE_STANDARD = "gnu++14";
				CLANG_CXX_LIBRARY = "libc++";
				CLANG_ENABLE_MODULES = YES;
				CLANG_ENABLE_OBJC_ARC = YES;
				CLANG_ENABLE_OBJC_WEAK = YES;
				CLANG_WARN_BLOCK_CAPTURE_AUTORELEASING = YES;
				CLANG_WARN_BOOL_CONVERSION = YES;
				CLANG_WARN_COMMA = YES;
				CLANG_WARN_CONSTANT_CONVERSION = YES;
				CLANG_WARN_DEPRECATED_OBJC_IMPLEMENTATIONS = YES;
				CLANG_WARN_DIRECT_OBJC_ISA_USAGE = YES_ERROR;
				CLANG_WARN_DOCUMENTATION_COMMENTS = YES;
				CLANG_WARN_EMPTY_BODY = YES;
				CLANG_WARN_ENUM_CONVERSION = YES;
				CLANG_WARN_INFINITE_RECURSION = YES;
				CLANG_WARN_INT_CONVERSION = YES;
				CLANG_WARN_NON_LITERAL_NULL_CONVERSION = YES;
				CLANG_WARN_OBJC_IMPLICIT_RETAIN_SELF = YES;
				CLANG_WARN_OBJC_LITERAL_CONVERSION = YES;
				CLANG_WARN_OBJC_ROOT_CLASS = YES_ERROR;
				CLANG_WARN_QUOTED_INCLUDE_IN_FRAMEWORK_HEADER = YES;
				CLANG_WARN_RANGE_LOOP_ANALYSIS = YES;
				CLANG_WARN_STRICT_PROTOTYPES = YES;
				CLANG_WARN_SUSPICIOUS_MOVE = YES;
				CLANG_WARN_UNGUARDED_AVAILABILITY = YES_AGGRESSIVE;
				CLANG_WARN_UNREACHABLE_CODE = YES;
				CLANG_WARN__DUPLICATE_METHOD_MATCH = YES;
				COPY_PHASE_STRIP = NO;
				DEBUG_INFORMATION_FORMAT = "dwarf-with-dsym";
				ENABLE_NS_ASSERTIONS = NO;
				ENABLE_STRICT_OBJC_MSGSEND = YES;
				GCC_C_LANGUAGE_STANDARD = gnu11;
				GCC_NO_COMMON_BLOCKS = YES;
				GCC_WARN_64_TO_32_BIT_CONVERSION = YES;
				GCC_WARN_ABOUT_RETURN_TYPE = YES_ERROR;
				GCC_WARN_UNDECLARED_SELECTOR = YES;
				GCC_WARN_UNINITIALIZED_AUTOS = YES_AGGRESSIVE;
				GCC_WARN_UNUSED_FUNCTION = YES;
				GCC_WARN_UNUSED_VARIABLE = YES;
				IPHONEOS_DEPLOYMENT_TARGET = 14.0;
				MTL_ENABLE_DEBUG_INFO = NO;
				MTL_FAST_MATH = YES;
				SDKROOT = iphoneos;
				SWIFT_COMPILATION_MODE = wholemodule;
				SWIFT_OPTIMIZATION_LEVEL = "-O";
				VALIDATE_PRODUCT = YES;
			};
			name = Release;
		};
		227C954825E64A510036E2DB /* Debug */ = {
			isa = XCBuildConfiguration;
			baseConfigurationReference = F141A89C8005CEE4F2DFA132 /* Pods-ModelApiTable.debug.xcconfig */;
			buildSettings = {
				ASSETCATALOG_COMPILER_APPICON_NAME = AppIcon;
				ASSETCATALOG_COMPILER_GLOBAL_ACCENT_COLOR_NAME = AccentColor;
				CODE_SIGN_STYLE = Automatic;
				DEBUG_INFORMATION_FORMAT = "dwarf-with-dsym";
				DEVELOPMENT_ASSET_PATHS = "\"ModelApiTable/Preview Content\"";
				DEVELOPMENT_TEAM = QYRLTH497Z;
				ENABLE_PREVIEWS = YES;
				INFOPLIST_FILE = ModelApiTable/Info.plist;
				LD_RUNPATH_SEARCH_PATHS = (
					"$(inherited)",
					"@executable_path/Frameworks",
				);
				PRODUCT_BUNDLE_IDENTIFIER = "com-first.project.ModelApiTable";
				PRODUCT_NAME = "$(TARGET_NAME)";
				SWIFT_VERSION = 5.0;
				TARGETED_DEVICE_FAMILY = "1,2";
			};
			name = Debug;
		};
		227C954925E64A510036E2DB /* Release */ = {
			isa = XCBuildConfiguration;
			baseConfigurationReference = 83295F05A437B28EFF57F0B4 /* Pods-ModelApiTable.release.xcconfig */;
			buildSettings = {
				ASSETCATALOG_COMPILER_APPICON_NAME = AppIcon;
				ASSETCATALOG_COMPILER_GLOBAL_ACCENT_COLOR_NAME = AccentColor;
				CODE_SIGN_STYLE = Automatic;
				DEVELOPMENT_ASSET_PATHS = "\"ModelApiTable/Preview Content\"";
				DEVELOPMENT_TEAM = QYRLTH497Z;
				ENABLE_PREVIEWS = YES;
				INFOPLIST_FILE = ModelApiTable/Info.plist;
				LD_RUNPATH_SEARCH_PATHS = (
					"$(inherited)",
					"@executable_path/Frameworks",
				);
				PRODUCT_BUNDLE_IDENTIFIER = "com-first.project.ModelApiTable";
				PRODUCT_NAME = "$(TARGET_NAME)";
				SWIFT_VERSION = 5.0;
				TARGETED_DEVICE_FAMILY = "1,2";
			};
			name = Release;
		};
		227C954B25E64A510036E2DB /* Debug */ = {
			isa = XCBuildConfiguration;
			baseConfigurationReference = 48E7F29506CD96CF722F8BD3 /* Pods-ModelApiTableTests.debug.xcconfig */;
			buildSettings = {
				ALWAYS_EMBED_SWIFT_STANDARD_LIBRARIES = YES;
				BUNDLE_LOADER = "$(TEST_HOST)";
				CODE_SIGN_STYLE = Automatic;
				INFOPLIST_FILE = ModelApiTableTests/Info.plist;
				IPHONEOS_DEPLOYMENT_TARGET = 14.0;
				LD_RUNPATH_SEARCH_PATHS = (
					"$(inherited)",
					"@executable_path/Frameworks",
					"@loader_path/Frameworks",
				);
				PRODUCT_BUNDLE_IDENTIFIER = "com-first.project.ModelApiTableTests";
				PRODUCT_NAME = "$(TARGET_NAME)";
				SWIFT_VERSION = 5.0;
				TARGETED_DEVICE_FAMILY = "1,2";
				TEST_HOST = "$(BUILT_PRODUCTS_DIR)/ModelApiTable.app/ModelApiTable";
			};
			name = Debug;
		};
		227C954C25E64A510036E2DB /* Release */ = {
			isa = XCBuildConfiguration;
			baseConfigurationReference = 3DE337B452336BFFE2BA16CA /* Pods-ModelApiTableTests.release.xcconfig */;
			buildSettings = {
				ALWAYS_EMBED_SWIFT_STANDARD_LIBRARIES = YES;
				BUNDLE_LOADER = "$(TEST_HOST)";
				CODE_SIGN_STYLE = Automatic;
				INFOPLIST_FILE = ModelApiTableTests/Info.plist;
				IPHONEOS_DEPLOYMENT_TARGET = 14.0;
				LD_RUNPATH_SEARCH_PATHS = (
					"$(inherited)",
					"@executable_path/Frameworks",
					"@loader_path/Frameworks",
				);
				PRODUCT_BUNDLE_IDENTIFIER = "com-first.project.ModelApiTableTests";
				PRODUCT_NAME = "$(TARGET_NAME)";
				SWIFT_VERSION = 5.0;
				TARGETED_DEVICE_FAMILY = "1,2";
				TEST_HOST = "$(BUILT_PRODUCTS_DIR)/ModelApiTable.app/ModelApiTable";
			};
			name = Release;
		};
		227C954E25E64A510036E2DB /* Debug */ = {
			isa = XCBuildConfiguration;
			baseConfigurationReference = 5C8323996A1383E16E26CEDC /* Pods-ModelApiTable-ModelApiTableUITests.debug.xcconfig */;
			buildSettings = {
				ALWAYS_EMBED_SWIFT_STANDARD_LIBRARIES = YES;
				CODE_SIGN_STYLE = Automatic;
				INFOPLIST_FILE = ModelApiTableUITests/Info.plist;
				LD_RUNPATH_SEARCH_PATHS = (
					"$(inherited)",
					"@executable_path/Frameworks",
					"@loader_path/Frameworks",
				);
				PRODUCT_BUNDLE_IDENTIFIER = "com-first.project.ModelApiTableUITests";
				PRODUCT_NAME = "$(TARGET_NAME)";
				SWIFT_VERSION = 5.0;
				TARGETED_DEVICE_FAMILY = "1,2";
				TEST_TARGET_NAME = ModelApiTable;
			};
			name = Debug;
		};
		227C954F25E64A510036E2DB /* Release */ = {
			isa = XCBuildConfiguration;
			baseConfigurationReference = 43A4D734D48C7A678951B2DF /* Pods-ModelApiTable-ModelApiTableUITests.release.xcconfig */;
			buildSettings = {
				ALWAYS_EMBED_SWIFT_STANDARD_LIBRARIES = YES;
				CODE_SIGN_STYLE = Automatic;
				INFOPLIST_FILE = ModelApiTableUITests/Info.plist;
				LD_RUNPATH_SEARCH_PATHS = (
					"$(inherited)",
					"@executable_path/Frameworks",
					"@loader_path/Frameworks",
				);
				PRODUCT_BUNDLE_IDENTIFIER = "com-first.project.ModelApiTableUITests";
				PRODUCT_NAME = "$(TARGET_NAME)";
				SWIFT_VERSION = 5.0;
				TARGETED_DEVICE_FAMILY = "1,2";
				TEST_TARGET_NAME = ModelApiTable;
			};
			name = Release;
		};
/* End XCBuildConfiguration section */

/* Begin XCConfigurationList section */
		227C951825E64A4E0036E2DB /* Build configuration list for PBXProject "ModelApiTable" */ = {
			isa = XCConfigurationList;
			buildConfigurations = (
				227C954525E64A510036E2DB /* Debug */,
				227C954625E64A510036E2DB /* Release */,
			);
			defaultConfigurationIsVisible = 0;
			defaultConfigurationName = Release;
		};
		227C954725E64A510036E2DB /* Build configuration list for PBXNativeTarget "ModelApiTable" */ = {
			isa = XCConfigurationList;
			buildConfigurations = (
				227C954825E64A510036E2DB /* Debug */,
				227C954925E64A510036E2DB /* Release */,
			);
			defaultConfigurationIsVisible = 0;
			defaultConfigurationName = Release;
		};
		227C954A25E64A510036E2DB /* Build configuration list for PBXNativeTarget "ModelApiTableTests" */ = {
			isa = XCConfigurationList;
			buildConfigurations = (
				227C954B25E64A510036E2DB /* Debug */,
				227C954C25E64A510036E2DB /* Release */,
			);
			defaultConfigurationIsVisible = 0;
			defaultConfigurationName = Release;
		};
		227C954D25E64A510036E2DB /* Build configuration list for PBXNativeTarget "ModelApiTableUITests" */ = {
			isa = XCConfigurationList;
			buildConfigurations = (
				227C954E25E64A510036E2DB /* Debug */,
				227C954F25E64A510036E2DB /* Release */,
			);
			defaultConfigurationIsVisible = 0;
			defaultConfigurationName = Release;
		};
/* End XCConfigurationList section */
	};
	rootObject = 227C951525E64A4E0036E2DB /* Project object */;
}
